
Microsoft Visual Studio Solution File, Format Version 12.00
# Visual Studio 15
VisualStudioVersion = 15.0.26228.9
MinimumVisualStudioVersion = 10.0.40219.1
Project("{FAE04EC0-301F-11D3-BF4B-00C04F79EFBC}") = "SharpVezba1", "SharpVezba1\SharpVezba1.csproj", "{485D0FE4-C5C9-4BE7-AA09-F9D067F95274}"
EndProject
Project("{FAE04EC0-301F-11D3-BF4B-00C04F79EFBC}") = "StudijeDbApp2018", "..\..\..\..\Desktop\Sharp\StudijeDbApp2018\StudijeDbApp2018\StudijeDbApp2018.csproj", "{58063B9F-AEDB-4F9C-9B61-42594BB59FAC}"
EndProject
Global
	GlobalSection(SolutionConfigurationPlatforms) = preSolution
		Debug|Any CPU = Debug|Any CPU
		Release|Any CPU = Release|Any CPU
	EndGlobalSection
	GlobalSection(ProjectConfigurationPlatforms) = postSolution
		{485D0FE4-C5C9-4BE7-AA09-F9D067F95274}.Debug|Any CPU.ActiveCfg = Debug|Any CPU
		{485D0FE4-C5C9-4BE7-AA09-F9D067F95274}.Debug|Any CPU.Build.0 = Debug|Any CPU
		{485D0FE4-C5C9-4BE7-AA09-F9D067F95274}.Release|Any CPU.ActiveCfg = Release|Any CPU
		{485D0FE4-C5C9-4BE7-AA09-F9D067F95274}.Release|Any CPU.Build.0 = Release|Any CPU
		{58063B9F-AEDB-4F9C-9B61-42594BB59FAC}.Debug|Any CPU.ActiveCfg = Debug|Any CPU
		{58063B9F-AEDB-4F9C-9B61-42594BB59FAC}.Debug|Any CPU.Build.0 = Debug|Any CPU
		{58063B9F-AEDB-4F9C-9B61-42594BB59FAC}.Release|Any CPU.ActiveCfg = Release|Any CPU
		{58063B9F-AEDB-4F9C-9B61-42594BB59FAC}.Release|Any CPU.Build.0 = Release|Any CPU
	EndGlobalSection
	GlobalSection(SolutionProperties) = preSolution
		HideSolutionNode = FALSE
	EndGlobalSection
EndGlobal
